// !$*UTF8*$!
{
	archiveVersion = 1;
	classes = {
	};
	objectVersion = 46;
	objects = {

/* Begin PBXBuildFile section */
		FC86F2B6138BE95800E0F18B /* Cocoa.framework in Frameworks */ = {isa = PBXBuildFile; fileRef = FC86F2B5138BE95800E0F18B /* Cocoa.framework */; };
		FC86F2C0138BE95800E0F18B /* InfoPlist.strings in Resources */ = {isa = PBXBuildFile; fileRef = FC86F2BE138BE95800E0F18B /* InfoPlist.strings */; };
		FC86F2C3138BE95800E0F18B /* main.m in Sources */ = {isa = PBXBuildFile; fileRef = FC86F2C2138BE95800E0F18B /* main.m */; };
		FC86F2C6138BE95800E0F18B /* Credits.rtf in Resources */ = {isa = PBXBuildFile; fileRef = FC86F2C4138BE95800E0F18B /* Credits.rtf */; };
		FC86F2C9138BE95800E0F18B /* ExampleMacAppDelegate.m in Sources */ = {isa = PBXBuildFile; fileRef = FC86F2C8138BE95800E0F18B /* ExampleMacAppDelegate.m */; };
		FC86F2CC138BE95800E0F18B /* MainMenu.xib in Resources */ = {isa = PBXBuildFile; fileRef = FC86F2CA138BE95800E0F18B /* MainMenu.xib */; };
		FC86F2F1138BEBDF00E0F18B /* ClientController.m in Sources */ = {isa = PBXBuildFile; fileRef = FC86F2EC138BEBDE00E0F18B /* ClientController.m */; };
		FC86F2F2138BEBDF00E0F18B /* ClientController.xib in Resources */ = {isa = PBXBuildFile; fileRef = FC86F2ED138BEBDE00E0F18B /* ClientController.xib */; };
		FC86F2F3138BEBDF00E0F18B /* ServerController.m in Sources */ = {isa = PBXBuildFile; fileRef = FC86F2EF138BEBDF00E0F18B /* ServerController.m */; };
		FC86F2F4138BEBDF00E0F18B /* ServerController.xib in Resources */ = {isa = PBXBuildFile; fileRef = FC86F2F0138BEBDF00E0F18B /* ServerController.xib */; };
		FC91C44513F284AB00556D74 /* AsyncNetwork.framework in Frameworks */ = {isa = PBXBuildFile; fileRef = FC91C44213F2849E00556D74 /* AsyncNetwork.framework */; };
/* End PBXBuildFile section */

/* Begin PBXContainerItemProxy section */
		FC91C44113F2849E00556D74 /* PBXContainerItemProxy */ = {
			isa = PBXContainerItemProxy;
			containerPortal = FC91C43813F2849E00556D74 /* AsyncNetwork.xcodeproj */;
			proxyType = 2;
			remoteGlobalIDString = FC86F297138BE53100E0F18B;
			remoteInfo = AsyncNetwork;
		};
		FC91C44313F2849E00556D74 /* PBXContainerItemProxy */ = {
			isa = PBXContainerItemProxy;
			containerPortal = FC91C43813F2849E00556D74 /* AsyncNetwork.xcodeproj */;
			proxyType = 2;
			remoteGlobalIDString = FC346650138BD6AB007113B9;
			remoteInfo = AsyncNetwork.iOS;
		};
/* End PBXContainerItemProxy section */

/* Begin PBXCopyFilesBuildPhase section */
		FC86F2F5138BEBFC00E0F18B /* CopyFiles */ = {
			isa = PBXCopyFilesBuildPhase;
			buildActionMask = 2147483647;
			dstPath = "";
			dstSubfolderSpec = 10;
			files = (
			);
			runOnlyForDeploymentPostprocessing = 0;
		};
/* End PBXCopyFilesBuildPhase section */

/* Begin PBXFileReference section */
		FC86F2B1138BE95800E0F18B /* ExampleMac.app */ = {isa = PBXFileReference; explicitFileType = wrapper.application; includeInIndex = 0; path = ExampleMac.app; sourceTree = BUILT_PRODUCTS_DIR; };
		FC86F2B5138BE95800E0F18B /* Cocoa.framework */ = {isa = PBXFileReference; lastKnownFileType = wrapper.framework; name = Cocoa.framework; path = System/Library/Frameworks/Cocoa.framework; sourceTree = SDKROOT; };
		FC86F2BD138BE95800E0F18B /* ExampleMac-Info.plist */ = {isa = PBXFileReference; lastKnownFileType = text.plist.xml; path = "ExampleMac-Info.plist"; sourceTree = "<group>"; };
		FC86F2BF138BE95800E0F18B /* en */ = {isa = PBXFileReference; lastKnownFileType = text.plist.strings; name = en; path = en.lproj/InfoPlist.strings; sourceTree = "<group>"; };
		FC86F2C1138BE95800E0F18B /* ExampleMac-Prefix.pch */ = {isa = PBXFileReference; lastKnownFileType = sourcecode.c.h; path = "ExampleMac-Prefix.pch"; sourceTree = "<group>"; };
		FC86F2C2138BE95800E0F18B /* main.m */ = {isa = PBXFileReference; lastKnownFileType = sourcecode.c.objc; path = main.m; sourceTree = "<group>"; };
		FC86F2C5138BE95800E0F18B /* en */ = {isa = PBXFileReference; lastKnownFileType = text.rtf; name = en; path = en.lproj/Credits.rtf; sourceTree = "<group>"; };
		FC86F2C7138BE95800E0F18B /* ExampleMacAppDelegate.h */ = {isa = PBXFileReference; lastKnownFileType = sourcecode.c.h; path = ExampleMacAppDelegate.h; sourceTree = "<group>"; };
		FC86F2C8138BE95800E0F18B /* ExampleMacAppDelegate.m */ = {isa = PBXFileReference; lastKnownFileType = sourcecode.c.objc; path = ExampleMacAppDelegate.m; sourceTree = "<group>"; };
		FC86F2CB138BE95800E0F18B /* en */ = {isa = PBXFileReference; lastKnownFileType = file.xib; name = en; path = en.lproj/MainMenu.xib; sourceTree = "<group>"; };
		FC86F2EB138BEBDE00E0F18B /* ClientController.h */ = {isa = PBXFileReference; fileEncoding = 4; lastKnownFileType = sourcecode.c.h; path = ClientController.h; sourceTree = "<group>"; };
		FC86F2EC138BEBDE00E0F18B /* ClientController.m */ = {isa = PBXFileReference; fileEncoding = 4; lastKnownFileType = sourcecode.c.objc; path = ClientController.m; sourceTree = "<group>"; };
		FC86F2ED138BEBDE00E0F18B /* ClientController.xib */ = {isa = PBXFileReference; fileEncoding = 4; lastKnownFileType = file.xib; path = ClientController.xib; sourceTree = "<group>"; };
		FC86F2EE138BEBDE00E0F18B /* ServerController.h */ = {isa = PBXFileReference; fileEncoding = 4; lastKnownFileType = sourcecode.c.h; path = ServerController.h; sourceTree = "<group>"; };
		FC86F2EF138BEBDF00E0F18B /* ServerController.m */ = {isa = PBXFileReference; fileEncoding = 4; lastKnownFileType = sourcecode.c.objc; path = ServerController.m; sourceTree = "<group>"; };
		FC86F2F0138BEBDF00E0F18B /* ServerController.xib */ = {isa = PBXFileReference; fileEncoding = 4; lastKnownFileType = file.xib; path = ServerController.xib; sourceTree = "<group>"; };
		FC91C43813F2849E00556D74 /* AsyncNetwork.xcodeproj */ = {isa = PBXFileReference; lastKnownFileType = "wrapper.pb-project"; name = AsyncNetwork.xcodeproj; path = ../AsyncNetwork.xcodeproj; sourceTree = "<group>"; };
/* End PBXFileReference section */

/* Begin PBXFrameworksBuildPhase section */
		FC86F2AE138BE95700E0F18B /* Frameworks */ = {
			isa = PBXFrameworksBuildPhase;
			buildActionMask = 2147483647;
			files = (
				FC91C44513F284AB00556D74 /* AsyncNetwork.framework in Frameworks */,
				FC86F2B6138BE95800E0F18B /* Cocoa.framework in Frameworks */,
			);
			runOnlyForDeploymentPostprocessing = 0;
		};
/* End PBXFrameworksBuildPhase section */

/* Begin PBXGroup section */
		FC86F2A6138BE95700E0F18B = {
			isa = PBXGroup;
			children = (
				FC91C43813F2849E00556D74 /* AsyncNetwork.xcodeproj */,
				FC86F2BB138BE95800E0F18B /* ExampleMac */,
				FC86F2B4138BE95800E0F18B /* Frameworks */,
				FC86F2B2138BE95800E0F18B /* Products */,
			);
			sourceTree = "<group>";
		};
		FC86F2B2138BE95800E0F18B /* Products */ = {
			isa = PBXGroup;
			children = (
				FC86F2B1138BE95800E0F18B /* ExampleMac.app */,
			);
			name = Products;
			sourceTree = "<group>";
		};
		FC86F2B4138BE95800E0F18B /* Frameworks */ = {
			isa = PBXGroup;
			children = (
				FC86F2B5138BE95800E0F18B /* Cocoa.framework */,
			);
			name = Frameworks;
			sourceTree = "<group>";
		};
		FC86F2BB138BE95800E0F18B /* ExampleMac */ = {
			isa = PBXGroup;
			children = (
				FC86F2EB138BEBDE00E0F18B /* ClientController.h */,
				FC86F2EC138BEBDE00E0F18B /* ClientController.m */,
				FC86F2ED138BEBDE00E0F18B /* ClientController.xib */,
				FC86F2EE138BEBDE00E0F18B /* ServerController.h */,
				FC86F2EF138BEBDF00E0F18B /* ServerController.m */,
				FC86F2F0138BEBDF00E0F18B /* ServerController.xib */,
				FC86F2C7138BE95800E0F18B /* ExampleMacAppDelegate.h */,
				FC86F2C8138BE95800E0F18B /* ExampleMacAppDelegate.m */,
				FC86F2CA138BE95800E0F18B /* MainMenu.xib */,
				FC86F2BC138BE95800E0F18B /* Supporting Files */,
			);
			path = ExampleMac;
			sourceTree = "<group>";
		};
		FC86F2BC138BE95800E0F18B /* Supporting Files */ = {
			isa = PBXGroup;
			children = (
				FC86F2BD138BE95800E0F18B /* ExampleMac-Info.plist */,
				FC86F2BE138BE95800E0F18B /* InfoPlist.strings */,
				FC86F2C1138BE95800E0F18B /* ExampleMac-Prefix.pch */,
				FC86F2C2138BE95800E0F18B /* main.m */,
				FC86F2C4138BE95800E0F18B /* Credits.rtf */,
			);
			name = "Supporting Files";
			sourceTree = "<group>";
		};
		FC91C43913F2849E00556D74 /* Products */ = {
			isa = PBXGroup;
			children = (
				FC91C44213F2849E00556D74 /* AsyncNetwork.framework */,
				FC91C44413F2849E00556D74 /* libAsyncNetwork.a */,
			);
			name = Products;
			sourceTree = "<group>";
		};
/* End PBXGroup section */

/* Begin PBXNativeTarget section */
		FC86F2B0138BE95700E0F18B /* ExampleMac */ = {
			isa = PBXNativeTarget;
			buildConfigurationList = FC86F2CF138BE95800E0F18B /* Build configuration list for PBXNativeTarget "ExampleMac" */;
			buildPhases = (
				FC86F2AD138BE95700E0F18B /* Sources */,
				FC86F2AE138BE95700E0F18B /* Frameworks */,
				FC86F2AF138BE95700E0F18B /* Resources */,
				FC86F2F5138BEBFC00E0F18B /* CopyFiles */,
			);
			buildRules = (
			);
			dependencies = (
			);
			name = ExampleMac;
			productName = ExampleMac;
			productReference = FC86F2B1138BE95800E0F18B /* ExampleMac.app */;
			productType = "com.apple.product-type.application";
		};
/* End PBXNativeTarget section */

/* Begin PBXProject section */
		FC86F2A8138BE95700E0F18B /* Project object */ = {
			isa = PBXProject;
			attributes = {
				LastUpgradeCheck = 0420;
				ORGANIZATIONNAME = RWTH;
			};
			buildConfigurationList = FC86F2AB138BE95700E0F18B /* Build configuration list for PBXProject "ExampleMac" */;
			compatibilityVersion = "Xcode 3.2";
			developmentRegion = English;
			hasScannedForEncodings = 0;
			knownRegions = (
				en,
			);
			mainGroup = FC86F2A6138BE95700E0F18B;
			productRefGroup = FC86F2B2138BE95800E0F18B /* Products */;
			projectDirPath = "";
			projectReferences = (
				{
					ProductGroup = FC91C43913F2849E00556D74 /* Products */;
					ProjectRef = FC91C43813F2849E00556D74 /* AsyncNetwork.xcodeproj */;
				},
			);
			projectRoot = "";
			targets = (
				FC86F2B0138BE95700E0F18B /* ExampleMac */,
			);
		};
/* End PBXProject section */

/* Begin PBXReferenceProxy section */
		FC91C44213F2849E00556D74 /* AsyncNetwork.framework */ = {
			isa = PBXReferenceProxy;
			fileType = wrapper.framework;
			path = AsyncNetwork.framework;
			remoteRef = FC91C44113F2849E00556D74 /* PBXContainerItemProxy */;
			sourceTree = BUILT_PRODUCTS_DIR;
		};
		FC91C44413F2849E00556D74 /* libAsyncNetwork.a */ = {
			isa = PBXReferenceProxy;
			fileType = archive.ar;
			path = libAsyncNetwork.a;
			remoteRef = FC91C44313F2849E00556D74 /* PBXContainerItemProxy */;
			sourceTree = BUILT_PRODUCTS_DIR;
		};
/* End PBXReferenceProxy section */

/* Begin PBXResourcesBuildPhase section */
		FC86F2AF138BE95700E0F18B /* Resources */ = {
			isa = PBXResourcesBuildPhase;
			buildActionMask = 2147483647;
			files = (
				FC86F2C0138BE95800E0F18B /* InfoPlist.strings in Resources */,
				FC86F2C6138BE95800E0F18B /* Credits.rtf in Resources */,
				FC86F2CC138BE95800E0F18B /* MainMenu.xib in Resources */,
				FC86F2F2138BEBDF00E0F18B /* ClientController.xib in Resources */,
				FC86F2F4138BEBDF00E0F18B /* ServerController.xib in Resources */,
			);
			runOnlyForDeploymentPostprocessing = 0;
		};
/* End PBXResourcesBuildPhase section */

/* Begin PBXSourcesBuildPhase section */
		FC86F2AD138BE95700E0F18B /* Sources */ = {
			isa = PBXSourcesBuildPhase;
			buildActionMask = 2147483647;
			files = (
				FC86F2C3138BE95800E0F18B /* main.m in Sources */,
				FC86F2C9138BE95800E0F18B /* ExampleMacAppDelegate.m in Sources */,
				FC86F2F1138BEBDF00E0F18B /* ClientController.m in Sources */,
				FC86F2F3138BEBDF00E0F18B /* ServerController.m in Sources */,
			);
			runOnlyForDeploymentPostprocessing = 0;
		};
/* End PBXSourcesBuildPhase section */

/* Begin PBXVariantGroup section */
		FC86F2BE138BE95800E0F18B /* InfoPlist.strings */ = {
			isa = PBXVariantGroup;
			children = (
				FC86F2BF138BE95800E0F18B /* en */,
			);
			name = InfoPlist.strings;
			sourceTree = "<group>";
		};
		FC86F2C4138BE95800E0F18B /* Credits.rtf */ = {
			isa = PBXVariantGroup;
			children = (
				FC86F2C5138BE95800E0F18B /* en */,
			);
			name = Credits.rtf;
			sourceTree = "<group>";
		};
		FC86F2CA138BE95800E0F18B /* MainMenu.xib */ = {
			isa = PBXVariantGroup;
			children = (
				FC86F2CB138BE95800E0F18B /* en */,
			);
			name = MainMenu.xib;
			sourceTree = "<group>";
		};
/* End PBXVariantGroup section */

/* Begin XCBuildConfiguration section */
		FC86F2CD138BE95800E0F18B /* Debug */ = {
			isa = XCBuildConfiguration;
			buildSettings = {
				ARCHS = "$(ARCHS_STANDARD_32_64_BIT)";
				GCC_C_LANGUAGE_STANDARD = gnu99;
				GCC_OPTIMIZATION_LEVEL = 0;
				GCC_PREPROCESSOR_DEFINITIONS = DEBUG;
				GCC_SYMBOLS_PRIVATE_EXTERN = NO;
				GCC_VERSION = com.apple.compilers.llvm.clang.1_0;
				GCC_WARN_64_TO_32_BIT_CONVERSION = YES;
				GCC_WARN_ABOUT_RETURN_TYPE = YES;
				GCC_WARN_UNUSED_VARIABLE = YES;
				MACOSX_DEPLOYMENT_TARGET = 10.6;
				ONLY_ACTIVE_ARCH = YES;
				SDKROOT = macosx;
			};
			name = Debug;
		};
		FC86F2CE138BE95800E0F18B /* Release */ = {
			isa = XCBuildConfiguration;
			buildSettings = {
				ARCHS = "$(ARCHS_STANDARD_32_64_BIT)";
				GCC_C_LANGUAGE_STANDARD = gnu99;
				GCC_VERSION = com.apple.compilers.llvm.clang.1_0;
				GCC_WARN_64_TO_32_BIT_CONVERSION = YES;
				GCC_WARN_ABOUT_RETURN_TYPE = YES;
				GCC_WARN_UNUSED_VARIABLE = YES;
				MACOSX_DEPLOYMENT_TARGET = 10.6;
				SDKROOT = macosx;
			};
			name = Release;
		};
		FC86F2D0138BE95800E0F18B /* Debug */ = {
			isa = XCBuildConfiguration;
			buildSettings = {
				ALWAYS_SEARCH_USER_PATHS = NO;
				COPY_PHASE_STRIP = NO;
				GCC_DYNAMIC_NO_PIC = NO;
				GCC_ENABLE_OBJC_EXCEPTIONS = YES;
				GCC_PRECOMPILE_PREFIX_HEADER = YES;
				GCC_PREFIX_HEADER = "ExampleMac/ExampleMac-Prefix.pch";
				INFOPLIST_FILE = "ExampleMac/ExampleMac-Info.plist";
				PRODUCT_NAME = "$(TARGET_NAME)";
				WRAPPER_EXTENSION = app;
			};
			name = Debug;
		};
		FC86F2D1138BE95800E0F18B /* Release */ = {
			isa = XCBuildConfiguration;
			buildSettings = {
				ALWAYS_SEARCH_USER_PATHS = NO;
				COPY_PHASE_STRIP = YES;
				DEBUG_INFORMATION_FORMAT = "dwarf-with-dsym";
				GCC_ENABLE_OBJC_EXCEPTIONS = YES;
				GCC_PRECOMPILE_PREFIX_HEADER = YES;
				GCC_PREFIX_HEADER = "ExampleMac/ExampleMac-Prefix.pch";
				INFOPLIST_FILE = "ExampleMac/ExampleMac-Info.plist";
				PRODUCT_NAME = "$(TARGET_NAME)";
				WRAPPER_EXTENSION = app;
			};
			name = Release;
		};
/* End XCBuildConfiguration section */

/* Begin XCConfigurationList section */
		FC86F2AB138BE95700E0F18B /* Build configuration list for PBXProject "ExampleMac" */ = {
			isa = XCConfigurationList;
			buildConfigurations = (
				FC86F2CD138BE95800E0F18B /* Debug */,
				FC86F2CE138BE95800E0F18B /* Release */,
			);
			defaultConfigurationIsVisible = 0;
			defaultConfigurationName = Release;
		};
		FC86F2CF138BE95800E0F18B /* Build configuration list for PBXNativeTarget "ExampleMac" */ = {
			isa = XCConfigurationList;
			buildConfigurations = (
				FC86F2D0138BE95800E0F18B /* Debug */,
				FC86F2D1138BE95800E0F18B /* Release */,
			);
			defaultConfigurationIsVisible = 0;
			defaultConfigurationName = Release;
		};
/* End XCConfigurationList section */
	};
	rootObject = FC86F2A8138BE95700E0F18B /* Project object */;
}
