PODS:
  - AsyncNetwork (1.1):
    - CocoaAsyncSocket
  - CocoaAsyncSocket (7.4.1)

DEPENDENCIES:
  - AsyncNetwork (from `../../`)

EXTERNAL SOURCES:
  AsyncNetwork:
    :path: ../../

SPEC CHECKSUMS:
  AsyncNetwork: 4b45b528a0f3441d83dfec3ebe45dc3c49d1fef4
  CocoaAsyncSocket: 7cbf214b27f8e7f7574db6a3fd96352ffaed433d

COCOAPODS: 0.36.4
